{
  "nodes": {
    "faasd-src": {
      "flake": false,
      "locked": {
        "lastModified": 1673993324,
        "narHash": "sha256-fYeykHCD1xbug3CL8vThLnlDM7FU6jEfh0PGMjo3nmU=",
        "owner": "openfaas",
        "repo": "faasd",
        "rev": "4d6b6dfdc5ccc827742dea4dff506e242b67459b",
        "type": "github"
      },
      "original": {
        "owner": "openfaas",
        "ref": "0.16.8-rc1",
        "repo": "faasd",
        "type": "github"
      }
    },
    "flake-compat": {
      "flake": false,
      "locked": {
        "lastModified": 1673956053,
        "narHash": "sha256-4gtG9iQuiKITOjNQQeQIpoIB6b16fm+504Ch3sNKLd8=",
        "owner": "edolstra",
        "repo": "flake-compat",
        "rev": "35bb57c0c8d8b62bbfd284272c928ceb64ddbde9",
        "type": "github"
      },
      "original": {
        "owner": "edolstra",
        "repo": "flake-compat",
        "type": "github"
      }
    },
    "nixos-shell": {
      "inputs": {
        "nixpkgs": [
          "nixpkgs"
        ]
      },
      "locked": {
        "lastModified": 1646257415,
        "narHash": "sha256-whHBBcthLhEIy2VTaioRZOSZoZR7pk4Qr4DVxwU0r9Y=",
        "owner": "Mic92",
        "repo": "nixos-shell",
        "rev": "55de7d4d449ff30cdde8b8fe484a86eef477245e",
        "type": "github"
      },
      "original": {
        "owner": "Mic92",
        "repo": "nixos-shell",
        "type": "github"
      }
    },
    "nixpkgs": {
      "locked": {
        "lastModified": 1677075010,
        "narHash": "sha256-X+UmR1AkdR//lPVcShmLy8p1n857IGf7y+cyCArp8bU=",
        "owner": "NixOS",
        "repo": "nixpkgs",
        "rev": "c95bf18beba4290af25c60cbaaceea1110d0f727",
        "type": "github"
      },
      "original": {
        "id": "nixpkgs",
        "ref": "nixos-22.11",
        "type": "indirect"
      }
    },
    "root": {
      "inputs": {
        "faasd-src": "faasd-src",
        "flake-compat": "flake-compat",
        "nixos-shell": "nixos-shell",
        "nixpkgs": "nixpkgs",
        "utils": "utils"
      }
    },
    "utils": {
      "locked": {
        "lastModified": 1676283394,
        "narHash": "sha256-XX2f9c3iySLCw54rJ/CZs+ZK6IQy7GXNY4nSOyu2QG4=",
        "owner": "numtide",
        "repo": "flake-utils",
        "rev": "3db36a8b464d0c4532ba1c7dda728f4576d6d073",
        "type": "github"
      },
      "original": {
        "owner": "numtide",
        "repo": "flake-utils",
        "type": "github"
      }
    }
  },
  "root": "root",
  "version": 7
}
