{
  "nodes": {
    "faasd-src": {
      "flake": false,
      "locked": {
        "lastModified": 1679301657,
        "narHash": "sha256-vk8K+3GdRJquFL7aYtUZxKLI7+0KAtZ89A6CNdfmvuQ=",
        "owner": "openfaas",
        "repo": "faasd",
        "rev": "e1d90bba609a55ca123d26e5b7e1ccfcfedf3e8f",
        "type": "github"
      },
      "original": {
        "owner": "openfaas",
        "ref": "0.16.9",
        "repo": "faasd",
        "type": "github"
      }
    },
    "flake-compat": {
      "flake": false,
      "locked": {
        "lastModified": 1673956053,
        "narHash": "sha256-4gtG9iQuiKITOjNQQeQIpoIB6b16fm+504Ch3sNKLd8=",
        "owner": "edolstra",
        "repo": "flake-compat",
        "rev": "35bb57c0c8d8b62bbfd284272c928ceb64ddbde9",
        "type": "github"
      },
      "original": {
        "owner": "edolstra",
        "repo": "flake-compat",
        "type": "github"
      }
    },
    "nixos-shell": {
      "inputs": {
        "nixpkgs": [
          "nixpkgs"
        ]
      },
      "locked": {
        "lastModified": 1646257415,
        "narHash": "sha256-whHBBcthLhEIy2VTaioRZOSZoZR7pk4Qr4DVxwU0r9Y=",
        "owner": "Mic92",
        "repo": "nixos-shell",
        "rev": "55de7d4d449ff30cdde8b8fe484a86eef477245e",
        "type": "github"
      },
      "original": {
        "owner": "Mic92",
        "repo": "nixos-shell",
        "type": "github"
      }
    },
    "nixpkgs": {
      "locked": {
        "lastModified": 1679966490,
        "narHash": "sha256-k0jV+y1jawE6w4ZvKgXDNg4+O9NNtcaWwzw8gufv0b4=",
        "owner": "NixOS",
        "repo": "nixpkgs",
        "rev": "5b7cd5c39befee629be284970415b6eb3b0ff000",
        "type": "github"
      },
      "original": {
        "id": "nixpkgs",
        "ref": "nixos-22.11",
        "type": "indirect"
      }
    },
    "root": {
      "inputs": {
        "faasd-src": "faasd-src",
        "flake-compat": "flake-compat",
        "nixos-shell": "nixos-shell",
        "nixpkgs": "nixpkgs",
        "utils": "utils"
      }
    },
    "utils": {
      "locked": {
        "lastModified": 1678901627,
        "narHash": "sha256-U02riOqrKKzwjsxc/400XnElV+UtPUQWpANPlyazjH0=",
        "owner": "numtide",
        "repo": "flake-utils",
        "rev": "93a2b84fc4b70d9e089d029deacc3583435c2ed6",
        "type": "github"
      },
      "original": {
        "owner": "numtide",
        "repo": "flake-utils",
        "type": "github"
      }
    }
  },
  "root": "root",
  "version": 7
}
