{
  "nodes": {
    "faasd-src": {
      "flake": false,
      "locked": {
        "lastModified": 1664814504,
        "narHash": "sha256-Gut8sLJD/LFip0CdGyO7/j/hN36T1I6KIoHSMiQCJcA=",
        "owner": "openfaas",
        "repo": "faasd",
        "rev": "282b05802cccd311678a73efaee78af0086cc7fd",
        "type": "github"
      },
      "original": {
        "owner": "openfaas",
        "ref": "0.16.7",
        "repo": "faasd",
        "type": "github"
      }
    },
    "flake-compat": {
      "flake": false,
      "locked": {
        "lastModified": 1650374568,
        "narHash": "sha256-Z+s0J8/r907g149rllvwhb4pKi8Wam5ij0st8PwAh+E=",
        "owner": "edolstra",
        "repo": "flake-compat",
        "rev": "b4a34015c698c7793d592d66adbab377907a2be8",
        "type": "github"
      },
      "original": {
        "owner": "edolstra",
        "repo": "flake-compat",
        "type": "github"
      }
    },
    "nixos-shell": {
      "inputs": {
        "nixpkgs": [
          "nixpkgs"
        ]
      },
      "locked": {
        "lastModified": 1646257415,
        "narHash": "sha256-whHBBcthLhEIy2VTaioRZOSZoZR7pk4Qr4DVxwU0r9Y=",
        "owner": "Mic92",
        "repo": "nixos-shell",
        "rev": "55de7d4d449ff30cdde8b8fe484a86eef477245e",
        "type": "github"
      },
      "original": {
        "owner": "Mic92",
        "repo": "nixos-shell",
        "type": "github"
      }
    },
    "nixpkgs": {
      "locked": {
        "lastModified": 1664883812,
        "narHash": "sha256-wqBAcVRBxls2nVaNeQaOy9SRg/bvEUiD26TQDprIg8U=",
        "owner": "NixOS",
        "repo": "nixpkgs",
        "rev": "fe76645aaf2fac3baaa2813fd0089930689c53b5",
        "type": "github"
      },
      "original": {
        "id": "nixpkgs",
        "ref": "nixos-22.05",
        "type": "indirect"
      }
    },
    "root": {
      "inputs": {
        "faasd-src": "faasd-src",
        "flake-compat": "flake-compat",
        "nixos-shell": "nixos-shell",
        "nixpkgs": "nixpkgs",
        "utils": "utils"
      }
    },
    "utils": {
      "locked": {
        "lastModified": 1659877975,
        "narHash": "sha256-zllb8aq3YO3h8B/U0/J1WBgAL8EX5yWf5pMj3G0NAmc=",
        "owner": "numtide",
        "repo": "flake-utils",
        "rev": "c0e246b9b83f637f4681389ecabcb2681b4f3af0",
        "type": "github"
      },
      "original": {
        "owner": "numtide",
        "repo": "flake-utils",
        "type": "github"
      }
    }
  },
  "root": "root",
  "version": 7
}
